# This file is automatically @generated by Poetry 1.4.1 and should not be changed by hand.

[[package]]
name = "et-xmlfile"
version = "1.1.0"
description = "An implementation of lxml.xmlfile for the standard library"
category = "main"
optional = false
python-versions = ">=3.6"
files = [
    {file = "et_xmlfile-1.1.0-py3-none-any.whl", hash = "sha256:a2ba85d1d6a74ef63837eed693bcb89c3f752169b0e3e7ae5b16ca5e1b3deada"},
    {file = "et_xmlfile-1.1.0.tar.gz", hash = "sha256:8eb9e2bc2f8c97e37a2dc85a09ecdcdec9d8a396530a6d5a33b30b9a92da0c5c"},
]

[[package]]
name = "libs-devdeps"
version = "0.1.0"
description = "The automation framework for Python"
category = "dev"
optional = false
python-versions = "^3.9"
files = []
develop = true

[package.source]
type = "directory"
url = ".."

[[package]]
name = "openpyxl"
version = "3.1.2"
description = "A Python library to read/write Excel 2010 xlsx/xlsm files"
category = "main"
optional = false
python-versions = ">=3.6"
files = [
    {file = "openpyxl-3.1.2-py2.py3-none-any.whl", hash = "sha256:f91456ead12ab3c6c2e9491cf33ba6d08357d802192379bb482f1033ade496f5"},
    {file = "openpyxl-3.1.2.tar.gz", hash = "sha256:a6f5977418eff3b2d5500d54d9db50c8277a368436f4e4f8ddb1be3422870184"},
]

[package.dependencies]
et-xmlfile = "*"

[[package]]
name = "xlrd"
version = "2.0.1"
description = "Library for developers to extract data from Microsoft Excel (tm) .xls spreadsheet files"
category = "main"
optional = false
python-versions = ">=2.7, !=3.0.*, !=3.1.*, !=3.2.*, !=3.3.*, !=3.4.*, !=3.5.*"
files = [
    {file = "xlrd-2.0.1-py2.py3-none-any.whl", hash = "sha256:6a33ee89877bd9abc1158129f6e94be74e2679636b8a205b43b85206c3f0bbdd"},
    {file = "xlrd-2.0.1.tar.gz", hash = "sha256:f72f148f54442c6b056bf931dbc34f986fd0c3b0b6b5a58d013c9aef274d0c88"},
]

[package.extras]
build = ["twine", "wheel"]
docs = ["sphinx"]
test = ["pytest", "pytest-cov"]

[[package]]
name = "xlutils"
version = "2.0.0"
description = "Utilities for working with Excel files that require both xlrd and xlwt"
category = "main"
optional = false
python-versions = "*"
files = [
    {file = "xlutils-2.0.0-py2.py3-none-any.whl", hash = "sha256:b56640862c030e9d53104e7f1d750135fdfabf6bf55e425e5ac40fdee9dbaeb9"},
    {file = "xlutils-2.0.0.tar.gz", hash = "sha256:7e0e2c233bd185fecf5e2bd3f4e9469ca4a3bd87da64c82cfe5b2af27e7f9e54"},
]

[package.dependencies]
xlrd = ">=0.7.2"
xlwt = ">=0.7.4"

[package.extras]
build = ["pkginfo", "setuptools-git", "sphinx", "twine", "wheel"]
test = ["coveralls", "errorhandler", "manuel", "mock", "nose", "nose-cov", "nose-fixes", "testfixtures", "tox"]

[[package]]
name = "xlwt"
version = "1.3.0"
description = "Library to create spreadsheet files compatible with MS Excel 97/2000/XP/2003 XLS files, on any platform, with Python 2.6, 2.7, 3.3+"
category = "main"
optional = false
python-versions = "*"
files = [
    {file = "xlwt-1.3.0-py2.py3-none-any.whl", hash = "sha256:a082260524678ba48a297d922cc385f58278b8aa68741596a87de01a9c628b2e"},
    {file = "xlwt-1.3.0.tar.gz", hash = "sha256:c59912717a9b28f1a3c2a98fd60741014b06b043936dcecbc113eaaada156c88"},
]

[metadata]
lock-version = "2.0"
python-versions = "^3.9"
content-hash = "5ddac490ce8ba32661340067efb3e8aabf06e7ebfaeabdf04dea8661b4814332"
